
Microsoft Visual Studio Solution File, Format Version 12.00
# Visual Studio 14
VisualStudioVersion = 14.0.25420.1
MinimumVisualStudioVersion = 10.0.40219.1
Project("{FAE04EC0-301F-11D3-BF4B-00C04F79EFBC}") = "SwissTransport", "src\SwissTransport\SwissTransport.csproj", "{D0262178-A48F-4DE0-807B-E76B63E39421}"
EndProject
Project("{FAE04EC0-301F-11D3-BF4B-00C04F79EFBC}") = "SwissTransportTest", "tests\SwissTransportTest\SwissTransportTest.csproj", "{959C6E54-5B1C-40F5-938A-C57B17451421}"
EndProject
Project("{FAE04EC0-301F-11D3-BF4B-00C04F79EFBC}") = "SwissTransportApp", "src\SwissTransportApp\SwissTransportApp.csproj", "{B322BD01-B850-476F-A82D-8336736EFBA7}"
EndProject
Project("{54435603-DBB4-11D2-8724-00A0C9A8B90C}") = "SwissTransportAppInstaller", "SwissTransportAppInstaller\SwissTransportAppInstaller.vdproj", "{083761F7-6D6E-4EAF-8B81-C4CC01CD9781}"
EndProject
Global
	GlobalSection(SolutionConfigurationPlatforms) = preSolution
		Debug|Any CPU = Debug|Any CPU
		Debug|x86 = Debug|x86
		Release|Any CPU = Release|Any CPU
		Release|x86 = Release|x86
	EndGlobalSection
	GlobalSection(ProjectConfigurationPlatforms) = postSolution
		{D0262178-A48F-4DE0-807B-E76B63E39421}.Debug|Any CPU.ActiveCfg = Debug|Any CPU
		{D0262178-A48F-4DE0-807B-E76B63E39421}.Debug|Any CPU.Build.0 = Debug|Any CPU
		{D0262178-A48F-4DE0-807B-E76B63E39421}.Debug|x86.ActiveCfg = Debug|Any CPU
		{D0262178-A48F-4DE0-807B-E76B63E39421}.Debug|x86.Build.0 = Debug|Any CPU
		{D0262178-A48F-4DE0-807B-E76B63E39421}.Release|Any CPU.ActiveCfg = Release|Any CPU
		{D0262178-A48F-4DE0-807B-E76B63E39421}.Release|Any CPU.Build.0 = Release|Any CPU
		{D0262178-A48F-4DE0-807B-E76B63E39421}.Release|x86.ActiveCfg = Release|Any CPU
		{D0262178-A48F-4DE0-807B-E76B63E39421}.Release|x86.Build.0 = Release|Any CPU
		{959C6E54-5B1C-40F5-938A-C57B17451421}.Debug|Any CPU.ActiveCfg = Debug|Any CPU
		{959C6E54-5B1C-40F5-938A-C57B17451421}.Debug|Any CPU.Build.0 = Debug|Any CPU
		{959C6E54-5B1C-40F5-938A-C57B17451421}.Debug|x86.ActiveCfg = Debug|Any CPU
		{959C6E54-5B1C-40F5-938A-C57B17451421}.Debug|x86.Build.0 = Debug|Any CPU
		{959C6E54-5B1C-40F5-938A-C57B17451421}.Release|Any CPU.ActiveCfg = Release|Any CPU
		{959C6E54-5B1C-40F5-938A-C57B17451421}.Release|Any CPU.Build.0 = Release|Any CPU
		{959C6E54-5B1C-40F5-938A-C57B17451421}.Release|x86.ActiveCfg = Release|Any CPU
		{959C6E54-5B1C-40F5-938A-C57B17451421}.Release|x86.Build.0 = Release|Any CPU
		{B322BD01-B850-476F-A82D-8336736EFBA7}.Debug|Any CPU.ActiveCfg = Debug|Any CPU
		{B322BD01-B850-476F-A82D-8336736EFBA7}.Debug|Any CPU.Build.0 = Debug|Any CPU
		{B322BD01-B850-476F-A82D-8336736EFBA7}.Debug|x86.ActiveCfg = Debug|Any CPU
		{B322BD01-B850-476F-A82D-8336736EFBA7}.Debug|x86.Build.0 = Debug|Any CPU
		{B322BD01-B850-476F-A82D-8336736EFBA7}.Release|Any CPU.ActiveCfg = Release|Any CPU
		{B322BD01-B850-476F-A82D-8336736EFBA7}.Release|Any CPU.Build.0 = Release|Any CPU
		{B322BD01-B850-476F-A82D-8336736EFBA7}.Release|x86.ActiveCfg = Release|x86
		{B322BD01-B850-476F-A82D-8336736EFBA7}.Release|x86.Build.0 = Release|x86
		{083761F7-6D6E-4EAF-8B81-C4CC01CD9781}.Debug|Any CPU.ActiveCfg = Debug
		{083761F7-6D6E-4EAF-8B81-C4CC01CD9781}.Debug|x86.ActiveCfg = Debug
		{083761F7-6D6E-4EAF-8B81-C4CC01CD9781}.Release|Any CPU.ActiveCfg = Release
		{083761F7-6D6E-4EAF-8B81-C4CC01CD9781}.Release|x86.ActiveCfg = Release
	EndGlobalSection
	GlobalSection(SolutionProperties) = preSolution
		HideSolutionNode = FALSE
	EndGlobalSection
EndGlobal
